
Microsoft Visual Studio Solution File, Format Version 12.00
# Visual Studio Version 16
VisualStudioVersion = 16.0.30114.105
MinimumVisualStudioVersion = 10.0.40219.1
Project("{2150E333-8FDC-42A3-9474-1A3956D46DE8}") = "Solution Items", "Solution Items", "{3D3D6125-50CA-42FE-941B-8972A08E460B}"
	ProjectSection(SolutionItems) = preProject
		.gitignore = .gitignore
		LICENSE = LICENSE
		README.md = README.md
	EndProjectSection
EndProject
Project("{9A19103F-16F7-4668-BE54-9A1E7A4F7556}") = "DesignPatterns.Creational.AbstractFactory", "DesignPatterns.Creational.AbstractFactory\DesignPatterns.Creational.AbstractFactory.csproj", "{E52DFCC4-3741-44BE-936D-CC767616D347}"
EndProject
Project("{9A19103F-16F7-4668-BE54-9A1E7A4F7556}") = "DesignPatterns.Creational.Builder", "DesignPatterns.Creational.Builder\DesignPatterns.Creational.Builder.csproj", "{5608250A-E0FB-446C-B6EC-B77C452F9966}"
EndProject
Project("{9A19103F-16F7-4668-BE54-9A1E7A4F7556}") = "DesignPatterns.Creational.FactoryMethod", "DesignPatterns.Creational.FactoryMethod\DesignPatterns.Creational.FactoryMethod.csproj", "{967FD083-530A-4F7E-B178-2F353AF01AF6}"
EndProject
Project("{9A19103F-16F7-4668-BE54-9A1E7A4F7556}") = "DesignPatterns.Creational.Prototype", "DesignPatterns.Creational.Prototype\DesignPatterns.Creational.Prototype.csproj", "{CCD36D55-5ADD-44F5-82B2-C053ACEF9AC2}"
EndProject
Project("{9A19103F-16F7-4668-BE54-9A1E7A4F7556}") = "DesignPatterns.Creational.Singleton", "DesignPatterns.Creational.Singleton\DesignPatterns.Creational.Singleton.csproj", "{E8822DDB-D0C1-4A36-AD0E-371CD4537C2B}"
EndProject
Project("{9A19103F-16F7-4668-BE54-9A1E7A4F7556}") = "DesignPatterns.Structural.Adapter", "DesignPatterns.Structural.Adapter\DesignPatterns.Structural.Adapter.csproj", "{088311FC-8132-4657-9A23-238BCFB4B8F4}"
EndProject
Project("{FAE04EC0-301F-11D3-BF4B-00C04F79EFBC}") = "DesignPatterns.Structural.Bridge", "DesignPatterns.Structural.Bridge\DesignPatterns.Structural.Bridge.csproj", "{BF05E8C4-6ACA-460C-82B9-D21D5CA2F7AF}"
EndProject
Project("{FAE04EC0-301F-11D3-BF4B-00C04F79EFBC}") = "DesignPatterns.Structural.Composite", "DesignPatterns.Structural.Composite\DesignPatterns.Structural.Composite.csproj", "{6CE6A41D-6886-4FEA-9813-241207678065}"
EndProject
Project("{FAE04EC0-301F-11D3-BF4B-00C04F79EFBC}") = "DesignPatterns.Structural.Decorator", "DesignPatterns.Structural.Decorator\DesignPatterns.Structural.Decorator.csproj", "{8D5B2914-9EF1-43FD-BE91-D22396B26045}"
EndProject
Project("{FAE04EC0-301F-11D3-BF4B-00C04F79EFBC}") = "DesignPatterns.Structural.Facade", "DesignPatterns.Structural.Facade\DesignPatterns.Structural.Facade.csproj", "{B8B6F09D-7E88-49CD-96E4-7ECA3E16B5A8}"
EndProject
Project("{FAE04EC0-301F-11D3-BF4B-00C04F79EFBC}") = "DesignPatterns.Structural.Flyweight", "DesignPatterns.Structural.Flyweight\DesignPatterns.Structural.Flyweight.csproj", "{6817904C-6561-4766-B73C-8AD27091B49E}"
EndProject
Project("{FAE04EC0-301F-11D3-BF4B-00C04F79EFBC}") = "DesignPatterns.Structural.Proxy", "DesignPatterns.Structural.Proxy\DesignPatterns.Structural.Proxy.csproj", "{247AA490-8390-4357-B12E-CB52BF285DAE}"
EndProject
Global
	GlobalSection(SolutionConfigurationPlatforms) = preSolution
		Debug|Any CPU = Debug|Any CPU
		Debug|x64 = Debug|x64
		Debug|x86 = Debug|x86
		Release|Any CPU = Release|Any CPU
		Release|x64 = Release|x64
		Release|x86 = Release|x86
	EndGlobalSection
	GlobalSection(ProjectConfigurationPlatforms) = postSolution
		{E52DFCC4-3741-44BE-936D-CC767616D347}.Debug|Any CPU.ActiveCfg = Debug|Any CPU
		{E52DFCC4-3741-44BE-936D-CC767616D347}.Debug|Any CPU.Build.0 = Debug|Any CPU
		{E52DFCC4-3741-44BE-936D-CC767616D347}.Debug|x64.ActiveCfg = Debug|Any CPU
		{E52DFCC4-3741-44BE-936D-CC767616D347}.Debug|x64.Build.0 = Debug|Any CPU
		{E52DFCC4-3741-44BE-936D-CC767616D347}.Debug|x86.ActiveCfg = Debug|Any CPU
		{E52DFCC4-3741-44BE-936D-CC767616D347}.Debug|x86.Build.0 = Debug|Any CPU
		{E52DFCC4-3741-44BE-936D-CC767616D347}.Release|Any CPU.ActiveCfg = Release|Any CPU
		{E52DFCC4-3741-44BE-936D-CC767616D347}.Release|Any CPU.Build.0 = Release|Any CPU
		{E52DFCC4-3741-44BE-936D-CC767616D347}.Release|x64.ActiveCfg = Release|Any CPU
		{E52DFCC4-3741-44BE-936D-CC767616D347}.Release|x64.Build.0 = Release|Any CPU
		{E52DFCC4-3741-44BE-936D-CC767616D347}.Release|x86.ActiveCfg = Release|Any CPU
		{E52DFCC4-3741-44BE-936D-CC767616D347}.Release|x86.Build.0 = Release|Any CPU
		{5608250A-E0FB-446C-B6EC-B77C452F9966}.Debug|Any CPU.ActiveCfg = Debug|Any CPU
		{5608250A-E0FB-446C-B6EC-B77C452F9966}.Debug|Any CPU.Build.0 = Debug|Any CPU
		{5608250A-E0FB-446C-B6EC-B77C452F9966}.Debug|x64.ActiveCfg = Debug|Any CPU
		{5608250A-E0FB-446C-B6EC-B77C452F9966}.Debug|x64.Build.0 = Debug|Any CPU
		{5608250A-E0FB-446C-B6EC-B77C452F9966}.Debug|x86.ActiveCfg = Debug|Any CPU
		{5608250A-E0FB-446C-B6EC-B77C452F9966}.Debug|x86.Build.0 = Debug|Any CPU
		{5608250A-E0FB-446C-B6EC-B77C452F9966}.Release|Any CPU.ActiveCfg = Release|Any CPU
		{5608250A-E0FB-446C-B6EC-B77C452F9966}.Release|Any CPU.Build.0 = Release|Any CPU
		{5608250A-E0FB-446C-B6EC-B77C452F9966}.Release|x64.ActiveCfg = Release|Any CPU
		{5608250A-E0FB-446C-B6EC-B77C452F9966}.Release|x64.Build.0 = Release|Any CPU
		{5608250A-E0FB-446C-B6EC-B77C452F9966}.Release|x86.ActiveCfg = Release|Any CPU
		{5608250A-E0FB-446C-B6EC-B77C452F9966}.Release|x86.Build.0 = Release|Any CPU
		{967FD083-530A-4F7E-B178-2F353AF01AF6}.Debug|Any CPU.ActiveCfg = Debug|Any CPU
		{967FD083-530A-4F7E-B178-2F353AF01AF6}.Debug|Any CPU.Build.0 = Debug|Any CPU
		{967FD083-530A-4F7E-B178-2F353AF01AF6}.Debug|x64.ActiveCfg = Debug|Any CPU
		{967FD083-530A-4F7E-B178-2F353AF01AF6}.Debug|x64.Build.0 = Debug|Any CPU
		{967FD083-530A-4F7E-B178-2F353AF01AF6}.Debug|x86.ActiveCfg = Debug|Any CPU
		{967FD083-530A-4F7E-B178-2F353AF01AF6}.Debug|x86.Build.0 = Debug|Any CPU
		{967FD083-530A-4F7E-B178-2F353AF01AF6}.Release|Any CPU.ActiveCfg = Release|Any CPU
		{967FD083-530A-4F7E-B178-2F353AF01AF6}.Release|Any CPU.Build.0 = Release|Any CPU
		{967FD083-530A-4F7E-B178-2F353AF01AF6}.Release|x64.ActiveCfg = Release|Any CPU
		{967FD083-530A-4F7E-B178-2F353AF01AF6}.Release|x64.Build.0 = Release|Any CPU
		{967FD083-530A-4F7E-B178-2F353AF01AF6}.Release|x86.ActiveCfg = Release|Any CPU
		{967FD083-530A-4F7E-B178-2F353AF01AF6}.Release|x86.Build.0 = Release|Any CPU
		{CCD36D55-5ADD-44F5-82B2-C053ACEF9AC2}.Debug|Any CPU.ActiveCfg = Debug|Any CPU
		{CCD36D55-5ADD-44F5-82B2-C053ACEF9AC2}.Debug|Any CPU.Build.0 = Debug|Any CPU
		{CCD36D55-5ADD-44F5-82B2-C053ACEF9AC2}.Debug|x64.ActiveCfg = Debug|Any CPU
		{CCD36D55-5ADD-44F5-82B2-C053ACEF9AC2}.Debug|x64.Build.0 = Debug|Any CPU
		{CCD36D55-5ADD-44F5-82B2-C053ACEF9AC2}.Debug|x86.ActiveCfg = Debug|Any CPU
		{CCD36D55-5ADD-44F5-82B2-C053ACEF9AC2}.Debug|x86.Build.0 = Debug|Any CPU
		{CCD36D55-5ADD-44F5-82B2-C053ACEF9AC2}.Release|Any CPU.ActiveCfg = Release|Any CPU
		{CCD36D55-5ADD-44F5-82B2-C053ACEF9AC2}.Release|Any CPU.Build.0 = Release|Any CPU
		{CCD36D55-5ADD-44F5-82B2-C053ACEF9AC2}.Release|x64.ActiveCfg = Release|Any CPU
		{CCD36D55-5ADD-44F5-82B2-C053ACEF9AC2}.Release|x64.Build.0 = Release|Any CPU
		{CCD36D55-5ADD-44F5-82B2-C053ACEF9AC2}.Release|x86.ActiveCfg = Release|Any CPU
		{CCD36D55-5ADD-44F5-82B2-C053ACEF9AC2}.Release|x86.Build.0 = Release|Any CPU
		{E8822DDB-D0C1-4A36-AD0E-371CD4537C2B}.Debug|Any CPU.ActiveCfg = Debug|Any CPU
		{E8822DDB-D0C1-4A36-AD0E-371CD4537C2B}.Debug|Any CPU.Build.0 = Debug|Any CPU
		{E8822DDB-D0C1-4A36-AD0E-371CD4537C2B}.Debug|x64.ActiveCfg = Debug|Any CPU
		{E8822DDB-D0C1-4A36-AD0E-371CD4537C2B}.Debug|x64.Build.0 = Debug|Any CPU
		{E8822DDB-D0C1-4A36-AD0E-371CD4537C2B}.Debug|x86.ActiveCfg = Debug|Any CPU
		{E8822DDB-D0C1-4A36-AD0E-371CD4537C2B}.Debug|x86.Build.0 = Debug|Any CPU
		{E8822DDB-D0C1-4A36-AD0E-371CD4537C2B}.Release|Any CPU.ActiveCfg = Release|Any CPU
		{E8822DDB-D0C1-4A36-AD0E-371CD4537C2B}.Release|Any CPU.Build.0 = Release|Any CPU
		{E8822DDB-D0C1-4A36-AD0E-371CD4537C2B}.Release|x64.ActiveCfg = Release|Any CPU
		{E8822DDB-D0C1-4A36-AD0E-371CD4537C2B}.Release|x64.Build.0 = Release|Any CPU
		{E8822DDB-D0C1-4A36-AD0E-371CD4537C2B}.Release|x86.ActiveCfg = Release|Any CPU
		{E8822DDB-D0C1-4A36-AD0E-371CD4537C2B}.Release|x86.Build.0 = Release|Any CPU
		{088311FC-8132-4657-9A23-238BCFB4B8F4}.Debug|Any CPU.ActiveCfg = Debug|Any CPU
		{088311FC-8132-4657-9A23-238BCFB4B8F4}.Debug|Any CPU.Build.0 = Debug|Any CPU
		{088311FC-8132-4657-9A23-238BCFB4B8F4}.Debug|x64.ActiveCfg = Debug|Any CPU
		{088311FC-8132-4657-9A23-238BCFB4B8F4}.Debug|x64.Build.0 = Debug|Any CPU
		{088311FC-8132-4657-9A23-238BCFB4B8F4}.Debug|x86.ActiveCfg = Debug|Any CPU
		{088311FC-8132-4657-9A23-238BCFB4B8F4}.Debug|x86.Build.0 = Debug|Any CPU
		{088311FC-8132-4657-9A23-238BCFB4B8F4}.Release|Any CPU.ActiveCfg = Release|Any CPU
		{088311FC-8132-4657-9A23-238BCFB4B8F4}.Release|Any CPU.Build.0 = Release|Any CPU
		{088311FC-8132-4657-9A23-238BCFB4B8F4}.Release|x64.ActiveCfg = Release|Any CPU
		{088311FC-8132-4657-9A23-238BCFB4B8F4}.Release|x64.Build.0 = Release|Any CPU
		{088311FC-8132-4657-9A23-238BCFB4B8F4}.Release|x86.ActiveCfg = Release|Any CPU
		{088311FC-8132-4657-9A23-238BCFB4B8F4}.Release|x86.Build.0 = Release|Any CPU
		{BF05E8C4-6ACA-460C-82B9-D21D5CA2F7AF}.Debug|Any CPU.ActiveCfg = Debug|Any CPU
		{BF05E8C4-6ACA-460C-82B9-D21D5CA2F7AF}.Debug|Any CPU.Build.0 = Debug|Any CPU
		{BF05E8C4-6ACA-460C-82B9-D21D5CA2F7AF}.Debug|x64.ActiveCfg = Debug|Any CPU
		{BF05E8C4-6ACA-460C-82B9-D21D5CA2F7AF}.Debug|x64.Build.0 = Debug|Any CPU
		{BF05E8C4-6ACA-460C-82B9-D21D5CA2F7AF}.Debug|x86.ActiveCfg = Debug|Any CPU
		{BF05E8C4-6ACA-460C-82B9-D21D5CA2F7AF}.Debug|x86.Build.0 = Debug|Any CPU
		{BF05E8C4-6ACA-460C-82B9-D21D5CA2F7AF}.Release|Any CPU.ActiveCfg = Release|Any CPU
		{BF05E8C4-6ACA-460C-82B9-D21D5CA2F7AF}.Release|Any CPU.Build.0 = Release|Any CPU
		{BF05E8C4-6ACA-460C-82B9-D21D5CA2F7AF}.Release|x64.ActiveCfg = Release|Any CPU
		{BF05E8C4-6ACA-460C-82B9-D21D5CA2F7AF}.Release|x64.Build.0 = Release|Any CPU
		{BF05E8C4-6ACA-460C-82B9-D21D5CA2F7AF}.Release|x86.ActiveCfg = Release|Any CPU
		{BF05E8C4-6ACA-460C-82B9-D21D5CA2F7AF}.Release|x86.Build.0 = Release|Any CPU
		{6CE6A41D-6886-4FEA-9813-241207678065}.Debug|Any CPU.ActiveCfg = Debug|Any CPU
		{6CE6A41D-6886-4FEA-9813-241207678065}.Debug|Any CPU.Build.0 = Debug|Any CPU
		{6CE6A41D-6886-4FEA-9813-241207678065}.Debug|x64.ActiveCfg = Debug|Any CPU
		{6CE6A41D-6886-4FEA-9813-241207678065}.Debug|x64.Build.0 = Debug|Any CPU
		{6CE6A41D-6886-4FEA-9813-241207678065}.Debug|x86.ActiveCfg = Debug|Any CPU
		{6CE6A41D-6886-4FEA-9813-241207678065}.Debug|x86.Build.0 = Debug|Any CPU
		{6CE6A41D-6886-4FEA-9813-241207678065}.Release|Any CPU.ActiveCfg = Release|Any CPU
		{6CE6A41D-6886-4FEA-9813-241207678065}.Release|Any CPU.Build.0 = Release|Any CPU
		{6CE6A41D-6886-4FEA-9813-241207678065}.Release|x64.ActiveCfg = Release|Any CPU
		{6CE6A41D-6886-4FEA-9813-241207678065}.Release|x64.Build.0 = Release|Any CPU
		{6CE6A41D-6886-4FEA-9813-241207678065}.Release|x86.ActiveCfg = Release|Any CPU
		{6CE6A41D-6886-4FEA-9813-241207678065}.Release|x86.Build.0 = Release|Any CPU
		{8D5B2914-9EF1-43FD-BE91-D22396B26045}.Debug|Any CPU.ActiveCfg = Debug|Any CPU
		{8D5B2914-9EF1-43FD-BE91-D22396B26045}.Debug|Any CPU.Build.0 = Debug|Any CPU
		{8D5B2914-9EF1-43FD-BE91-D22396B26045}.Debug|x64.ActiveCfg = Debug|Any CPU
		{8D5B2914-9EF1-43FD-BE91-D22396B26045}.Debug|x64.Build.0 = Debug|Any CPU
		{8D5B2914-9EF1-43FD-BE91-D22396B26045}.Debug|x86.ActiveCfg = Debug|Any CPU
		{8D5B2914-9EF1-43FD-BE91-D22396B26045}.Debug|x86.Build.0 = Debug|Any CPU
		{8D5B2914-9EF1-43FD-BE91-D22396B26045}.Release|Any CPU.ActiveCfg = Release|Any CPU
		{8D5B2914-9EF1-43FD-BE91-D22396B26045}.Release|Any CPU.Build.0 = Release|Any CPU
		{8D5B2914-9EF1-43FD-BE91-D22396B26045}.Release|x64.ActiveCfg = Release|Any CPU
		{8D5B2914-9EF1-43FD-BE91-D22396B26045}.Release|x64.Build.0 = Release|Any CPU
		{8D5B2914-9EF1-43FD-BE91-D22396B26045}.Release|x86.ActiveCfg = Release|Any CPU
		{8D5B2914-9EF1-43FD-BE91-D22396B26045}.Release|x86.Build.0 = Release|Any CPU
		{B8B6F09D-7E88-49CD-96E4-7ECA3E16B5A8}.Debug|Any CPU.ActiveCfg = Debug|Any CPU
		{B8B6F09D-7E88-49CD-96E4-7ECA3E16B5A8}.Debug|Any CPU.Build.0 = Debug|Any CPU
		{B8B6F09D-7E88-49CD-96E4-7ECA3E16B5A8}.Debug|x64.ActiveCfg = Debug|Any CPU
		{B8B6F09D-7E88-49CD-96E4-7ECA3E16B5A8}.Debug|x64.Build.0 = Debug|Any CPU
		{B8B6F09D-7E88-49CD-96E4-7ECA3E16B5A8}.Debug|x86.ActiveCfg = Debug|Any CPU
		{B8B6F09D-7E88-49CD-96E4-7ECA3E16B5A8}.Debug|x86.Build.0 = Debug|Any CPU
		{B8B6F09D-7E88-49CD-96E4-7ECA3E16B5A8}.Release|Any CPU.ActiveCfg = Release|Any CPU
		{B8B6F09D-7E88-49CD-96E4-7ECA3E16B5A8}.Release|Any CPU.Build.0 = Release|Any CPU
		{B8B6F09D-7E88-49CD-96E4-7ECA3E16B5A8}.Release|x64.ActiveCfg = Release|Any CPU
		{B8B6F09D-7E88-49CD-96E4-7ECA3E16B5A8}.Release|x64.Build.0 = Release|Any CPU
		{B8B6F09D-7E88-49CD-96E4-7ECA3E16B5A8}.Release|x86.ActiveCfg = Release|Any CPU
		{B8B6F09D-7E88-49CD-96E4-7ECA3E16B5A8}.Release|x86.Build.0 = Release|Any CPU
		{6817904C-6561-4766-B73C-8AD27091B49E}.Debug|Any CPU.ActiveCfg = Debug|Any CPU
		{6817904C-6561-4766-B73C-8AD27091B49E}.Debug|Any CPU.Build.0 = Debug|Any CPU
		{6817904C-6561-4766-B73C-8AD27091B49E}.Debug|x64.ActiveCfg = Debug|Any CPU
		{6817904C-6561-4766-B73C-8AD27091B49E}.Debug|x64.Build.0 = Debug|Any CPU
		{6817904C-6561-4766-B73C-8AD27091B49E}.Debug|x86.ActiveCfg = Debug|Any CPU
		{6817904C-6561-4766-B73C-8AD27091B49E}.Debug|x86.Build.0 = Debug|Any CPU
		{6817904C-6561-4766-B73C-8AD27091B49E}.Release|Any CPU.ActiveCfg = Release|Any CPU
		{6817904C-6561-4766-B73C-8AD27091B49E}.Release|Any CPU.Build.0 = Release|Any CPU
		{6817904C-6561-4766-B73C-8AD27091B49E}.Release|x64.ActiveCfg = Release|Any CPU
		{6817904C-6561-4766-B73C-8AD27091B49E}.Release|x64.Build.0 = Release|Any CPU
		{6817904C-6561-4766-B73C-8AD27091B49E}.Release|x86.ActiveCfg = Release|Any CPU
		{6817904C-6561-4766-B73C-8AD27091B49E}.Release|x86.Build.0 = Release|Any CPU
		{247AA490-8390-4357-B12E-CB52BF285DAE}.Debug|Any CPU.ActiveCfg = Debug|Any CPU
		{247AA490-8390-4357-B12E-CB52BF285DAE}.Debug|Any CPU.Build.0 = Debug|Any CPU
		{247AA490-8390-4357-B12E-CB52BF285DAE}.Debug|x64.ActiveCfg = Debug|Any CPU
		{247AA490-8390-4357-B12E-CB52BF285DAE}.Debug|x64.Build.0 = Debug|Any CPU
		{247AA490-8390-4357-B12E-CB52BF285DAE}.Debug|x86.ActiveCfg = Debug|Any CPU
		{247AA490-8390-4357-B12E-CB52BF285DAE}.Debug|x86.Build.0 = Debug|Any CPU
		{247AA490-8390-4357-B12E-CB52BF285DAE}.Release|Any CPU.ActiveCfg = Release|Any CPU
		{247AA490-8390-4357-B12E-CB52BF285DAE}.Release|Any CPU.Build.0 = Release|Any CPU
		{247AA490-8390-4357-B12E-CB52BF285DAE}.Release|x64.ActiveCfg = Release|Any CPU
		{247AA490-8390-4357-B12E-CB52BF285DAE}.Release|x64.Build.0 = Release|Any CPU
		{247AA490-8390-4357-B12E-CB52BF285DAE}.Release|x86.ActiveCfg = Release|Any CPU
		{247AA490-8390-4357-B12E-CB52BF285DAE}.Release|x86.Build.0 = Release|Any CPU
	EndGlobalSection
	GlobalSection(SolutionProperties) = preSolution
		HideSolutionNode = FALSE
	EndGlobalSection
	GlobalSection(ExtensibilityGlobals) = postSolution
		SolutionGuid = {57ACDBA9-7A02-41B9-9FCD-333A5CC6A5F3}
	EndGlobalSection
EndGlobal
